
Microsoft Visual Studio Solution File, Format Version 12.00
# Visual Studio Version 17
VisualStudioVersion = 17.10.35027.167
MinimumVisualStudioVersion = 10.0.40219.1
Project("{FAE04EC0-301F-11D3-BF4B-00C04F79EFBC}") = "Assignment 11", "Assignment 11.csproj", "{CFCA6EE3-E4C6-401D-93CE-5945B2EBCCFF}"
EndProject
Global
	GlobalSection(SolutionConfigurationPlatforms) = preSolution
		Debug|Any CPU = Debug|Any CPU
		Release|Any CPU = Release|Any CPU
	EndGlobalSection
	GlobalSection(ProjectConfigurationPlatforms) = postSolution
		{CFCA6EE3-E4C6-401D-93CE-5945B2EBCCFF}.Debug|Any CPU.ActiveCfg = Debug|Any CPU
		{CFCA6EE3-E4C6-401D-93CE-5945B2EBCCFF}.Debug|Any CPU.Build.0 = Debug|Any CPU
		{CFCA6EE3-E4C6-401D-93CE-5945B2EBCCFF}.Release|Any CPU.ActiveCfg = Release|Any CPU
		{CFCA6EE3-E4C6-401D-93CE-5945B2EBCCFF}.Release|Any CPU.Build.0 = Release|Any CPU
	EndGlobalSection
	GlobalSection(SolutionProperties) = preSolution
		HideSolutionNode = FALSE
	EndGlobalSection
	GlobalSection(ExtensibilityGlobals) = postSolution
		SolutionGuid = {F1BEF6F3-814F-4262-96DA-3F4B18402025}
	EndGlobalSection
EndGlobal
